// !$*UTF8*$!
{
	archiveVersion = 1;
	classes = {
	};
	objectVersion = 56;
	objects = {

/* Begin PBXBuildFile section */
		5A06479F2ACC1ACD00459C47 /* HomeViewScheduleComponent.swift in Sources */ = {isa = PBXBuildFile; fileRef = 5A06479E2ACC1ACD00459C47 /* HomeViewScheduleComponent.swift */; };
		5A0647A12ACD95F100459C47 /* FavoriteComponent.swift in Sources */ = {isa = PBXBuildFile; fileRef = 5A0647A02ACD95F100459C47 /* FavoriteComponent.swift */; };
		5A6167812AB9F5380041336A /* Colors.swift in Sources */ = {isa = PBXBuildFile; fileRef = 5A6167802AB9F5380041336A /* Colors.swift */; };
		5A6167842ABAD5D10041336A /* SearchBarView.swift in Sources */ = {isa = PBXBuildFile; fileRef = 5A6167832ABAD5D10041336A /* SearchBarView.swift */; };
		5A6167862ABAF0490041336A /* SearchListView.swift in Sources */ = {isa = PBXBuildFile; fileRef = 5A6167852ABAF0490041336A /* SearchListView.swift */; };
		5A6167882ABC24B10041336A /* Person.swift in Sources */ = {isa = PBXBuildFile; fileRef = 5A6167872ABC24B10041336A /* Person.swift */; };
		5A61678A2ABC592F0041336A /* SearchListComponent.swift in Sources */ = {isa = PBXBuildFile; fileRef = 5A6167892ABC592F0041336A /* SearchListComponent.swift */; };
		5A61678C2ABC5D6C0041336A /* AppDelegate.swift in Sources */ = {isa = PBXBuildFile; fileRef = 5A61678B2ABC5D6C0041336A /* AppDelegate.swift */; };
		5A61678E2ABC5D8F0041336A /* SceneDelegate.swift in Sources */ = {isa = PBXBuildFile; fileRef = 5A61678D2ABC5D8F0041336A /* SceneDelegate.swift */; };
		5A6167902ABC5DC90041336A /* RootView.swift in Sources */ = {isa = PBXBuildFile; fileRef = 5A61678F2ABC5DC90041336A /* RootView.swift */; };
		5A6167942ABC620B0041336A /* FavoritesView.swift in Sources */ = {isa = PBXBuildFile; fileRef = 5A6167932ABC620B0041336A /* FavoritesView.swift */; };
		5A6167972ABC6B8B0041336A /* HomeView.swift in Sources */ = {isa = PBXBuildFile; fileRef = 5A6167962ABC6B8B0041336A /* HomeView.swift */; };
		5A61679A2AC425F40041336A /* CoordinatorProtocol.swift in Sources */ = {isa = PBXBuildFile; fileRef = 5A6167992AC425F40041336A /* CoordinatorProtocol.swift */; };
		5A61679C2AC4262A0041336A /* RootCoordinator.swift in Sources */ = {isa = PBXBuildFile; fileRef = 5A61679B2AC4262A0041336A /* RootCoordinator.swift */; };
		5A61679E2AC427220041336A /* SearchCoordinator.swift in Sources */ = {isa = PBXBuildFile; fileRef = 5A61679D2AC427220041336A /* SearchCoordinator.swift */; };
		5A6167A12AC42E5B0041336A /* DetailView.swift in Sources */ = {isa = PBXBuildFile; fileRef = 5A6167A02AC42E5B0041336A /* DetailView.swift */; };
		5A6167A32AC42F010041336A /* DetailsViewModel.swift in Sources */ = {isa = PBXBuildFile; fileRef = 5A6167A22AC42F010041336A /* DetailsViewModel.swift */; };
		5A6167A82AC5638C0041336A /* FavoritesCoordinator.swift in Sources */ = {isa = PBXBuildFile; fileRef = 5A6167A72AC5638C0041336A /* FavoritesCoordinator.swift */; };
		5A6167AA2AC564640041336A /* FavoritesViewModel.swift in Sources */ = {isa = PBXBuildFile; fileRef = 5A6167A92AC564640041336A /* FavoritesViewModel.swift */; };
		5A6167AC2AC566050041336A /* HomeViewModel.swift in Sources */ = {isa = PBXBuildFile; fileRef = 5A6167AB2AC566050041336A /* HomeViewModel.swift */; };
		5A6167AE2AC566370041336A /* HomeCoordinator.swift in Sources */ = {isa = PBXBuildFile; fileRef = 5A6167AD2AC566370041336A /* HomeCoordinator.swift */; };
		5A6167B02AC59F4D0041336A /* CustomAsyncImage.swift in Sources */ = {isa = PBXBuildFile; fileRef = 5A6167AF2AC59F4D0041336A /* CustomAsyncImage.swift */; };
		5A6167B22ACAC1360041336A /* AsyncImageDetailMain.swift in Sources */ = {isa = PBXBuildFile; fileRef = 5A6167B12ACAC1360041336A /* AsyncImageDetailMain.swift */; };
		5A6167B82ACAC2390041336A /* AsyncImageDetailViewCast.swift in Sources */ = {isa = PBXBuildFile; fileRef = 5A6167B72ACAC2390041336A /* AsyncImageDetailViewCast.swift */; };
		5A6167BA2ACB091E0041336A /* HomeViewShowComponent.swift in Sources */ = {isa = PBXBuildFile; fileRef = 5A6167B92ACB091E0041336A /* HomeViewShowComponent.swift */; };
		5AE3CC542AB86236004D2ACD /* ShowsAppApp.swift in Sources */ = {isa = PBXBuildFile; fileRef = 5AE3CC532AB86236004D2ACD /* ShowsAppApp.swift */; };
		5AE3CC562AB86236004D2ACD /* ContentView.swift in Sources */ = {isa = PBXBuildFile; fileRef = 5AE3CC552AB86236004D2ACD /* ContentView.swift */; };
		5AE3CC582AB86239004D2ACD /* Assets.xcassets in Resources */ = {isa = PBXBuildFile; fileRef = 5AE3CC572AB86239004D2ACD /* Assets.xcassets */; };
		5AE3CC5B2AB86239004D2ACD /* Preview Assets.xcassets in Resources */ = {isa = PBXBuildFile; fileRef = 5AE3CC5A2AB86239004D2ACD /* Preview Assets.xcassets */; };
		5AE3CC652AB99DF6004D2ACD /* Show.swift in Sources */ = {isa = PBXBuildFile; fileRef = 5AE3CC642AB99DF6004D2ACD /* Show.swift */; };
		5AE3CC672AB9A534004D2ACD /* NetworkConfiguration.swift in Sources */ = {isa = PBXBuildFile; fileRef = 5AE3CC662AB9A534004D2ACD /* NetworkConfiguration.swift */; };
		5AE3CC692AB9A66D004D2ACD /* NetworkingService.swift in Sources */ = {isa = PBXBuildFile; fileRef = 5AE3CC682AB9A66D004D2ACD /* NetworkingService.swift */; };
		5AE3CC6D2AB9AA75004D2ACD /* SearchView.swift in Sources */ = {isa = PBXBuildFile; fileRef = 5AE3CC6C2AB9AA75004D2ACD /* SearchView.swift */; };
		5AE3CC6F2AB9AC51004D2ACD /* SearchViewModel.swift in Sources */ = {isa = PBXBuildFile; fileRef = 5AE3CC6E2AB9AC51004D2ACD /* SearchViewModel.swift */; };
/* End PBXBuildFile section */

/* Begin PBXFileReference section */
		5A06479E2ACC1ACD00459C47 /* HomeViewScheduleComponent.swift */ = {isa = PBXFileReference; lastKnownFileType = sourcecode.swift; path = HomeViewScheduleComponent.swift; sourceTree = "<group>"; };
		5A0647A02ACD95F100459C47 /* FavoriteComponent.swift */ = {isa = PBXFileReference; lastKnownFileType = sourcecode.swift; path = FavoriteComponent.swift; sourceTree = "<group>"; };
		5A6167802AB9F5380041336A /* Colors.swift */ = {isa = PBXFileReference; lastKnownFileType = sourcecode.swift; path = Colors.swift; sourceTree = "<group>"; };
		5A6167832ABAD5D10041336A /* SearchBarView.swift */ = {isa = PBXFileReference; lastKnownFileType = sourcecode.swift; path = SearchBarView.swift; sourceTree = "<group>"; };
		5A6167852ABAF0490041336A /* SearchListView.swift */ = {isa = PBXFileReference; lastKnownFileType = sourcecode.swift; path = SearchListView.swift; sourceTree = "<group>"; };
		5A6167872ABC24B10041336A /* Person.swift */ = {isa = PBXFileReference; lastKnownFileType = sourcecode.swift; path = Person.swift; sourceTree = "<group>"; };
		5A6167892ABC592F0041336A /* SearchListComponent.swift */ = {isa = PBXFileReference; lastKnownFileType = sourcecode.swift; path = SearchListComponent.swift; sourceTree = "<group>"; };
		5A61678B2ABC5D6C0041336A /* AppDelegate.swift */ = {isa = PBXFileReference; lastKnownFileType = sourcecode.swift; path = AppDelegate.swift; sourceTree = "<group>"; };
		5A61678D2ABC5D8F0041336A /* SceneDelegate.swift */ = {isa = PBXFileReference; lastKnownFileType = sourcecode.swift; path = SceneDelegate.swift; sourceTree = "<group>"; };
		5A61678F2ABC5DC90041336A /* RootView.swift */ = {isa = PBXFileReference; lastKnownFileType = sourcecode.swift; path = RootView.swift; sourceTree = "<group>"; };
		5A6167912ABC5E330041336A /* Info.plist */ = {isa = PBXFileReference; lastKnownFileType = text.plist; path = Info.plist; sourceTree = "<group>"; };
		5A6167932ABC620B0041336A /* FavoritesView.swift */ = {isa = PBXFileReference; lastKnownFileType = sourcecode.swift; path = FavoritesView.swift; sourceTree = "<group>"; };
		5A6167962ABC6B8B0041336A /* HomeView.swift */ = {isa = PBXFileReference; lastKnownFileType = sourcecode.swift; path = HomeView.swift; sourceTree = "<group>"; };
		5A6167992AC425F40041336A /* CoordinatorProtocol.swift */ = {isa = PBXFileReference; lastKnownFileType = sourcecode.swift; path = CoordinatorProtocol.swift; sourceTree = "<group>"; };
		5A61679B2AC4262A0041336A /* RootCoordinator.swift */ = {isa = PBXFileReference; lastKnownFileType = sourcecode.swift; path = RootCoordinator.swift; sourceTree = "<group>"; };
		5A61679D2AC427220041336A /* SearchCoordinator.swift */ = {isa = PBXFileReference; lastKnownFileType = sourcecode.swift; path = SearchCoordinator.swift; sourceTree = "<group>"; };
		5A6167A02AC42E5B0041336A /* DetailView.swift */ = {isa = PBXFileReference; lastKnownFileType = sourcecode.swift; path = DetailView.swift; sourceTree = "<group>"; };
		5A6167A22AC42F010041336A /* DetailsViewModel.swift */ = {isa = PBXFileReference; lastKnownFileType = sourcecode.swift; path = DetailsViewModel.swift; sourceTree = "<group>"; };
		5A6167A72AC5638C0041336A /* FavoritesCoordinator.swift */ = {isa = PBXFileReference; lastKnownFileType = sourcecode.swift; path = FavoritesCoordinator.swift; sourceTree = "<group>"; };
		5A6167A92AC564640041336A /* FavoritesViewModel.swift */ = {isa = PBXFileReference; lastKnownFileType = sourcecode.swift; path = FavoritesViewModel.swift; sourceTree = "<group>"; };
		5A6167AB2AC566050041336A /* HomeViewModel.swift */ = {isa = PBXFileReference; lastKnownFileType = sourcecode.swift; path = HomeViewModel.swift; sourceTree = "<group>"; };
		5A6167AD2AC566370041336A /* HomeCoordinator.swift */ = {isa = PBXFileReference; lastKnownFileType = sourcecode.swift; path = HomeCoordinator.swift; sourceTree = "<group>"; };
		5A6167AF2AC59F4D0041336A /* CustomAsyncImage.swift */ = {isa = PBXFileReference; lastKnownFileType = sourcecode.swift; path = CustomAsyncImage.swift; sourceTree = "<group>"; };
		5A6167B12ACAC1360041336A /* AsyncImageDetailMain.swift */ = {isa = PBXFileReference; lastKnownFileType = sourcecode.swift; path = AsyncImageDetailMain.swift; sourceTree = "<group>"; };
		5A6167B72ACAC2390041336A /* AsyncImageDetailViewCast.swift */ = {isa = PBXFileReference; lastKnownFileType = sourcecode.swift; path = AsyncImageDetailViewCast.swift; sourceTree = "<group>"; };
		5A6167B92ACB091E0041336A /* HomeViewShowComponent.swift */ = {isa = PBXFileReference; lastKnownFileType = sourcecode.swift; path = HomeViewShowComponent.swift; sourceTree = "<group>"; };
		5AE3CC502AB86236004D2ACD /* ShowsApp.app */ = {isa = PBXFileReference; explicitFileType = wrapper.application; includeInIndex = 0; path = ShowsApp.app; sourceTree = BUILT_PRODUCTS_DIR; };
		5AE3CC532AB86236004D2ACD /* ShowsAppApp.swift */ = {isa = PBXFileReference; lastKnownFileType = sourcecode.swift; path = ShowsAppApp.swift; sourceTree = "<group>"; };
		5AE3CC552AB86236004D2ACD /* ContentView.swift */ = {isa = PBXFileReference; lastKnownFileType = sourcecode.swift; path = ContentView.swift; sourceTree = "<group>"; };
		5AE3CC572AB86239004D2ACD /* Assets.xcassets */ = {isa = PBXFileReference; lastKnownFileType = folder.assetcatalog; path = Assets.xcassets; sourceTree = "<group>"; };
		5AE3CC5A2AB86239004D2ACD /* Preview Assets.xcassets */ = {isa = PBXFileReference; lastKnownFileType = folder.assetcatalog; path = "Preview Assets.xcassets"; sourceTree = "<group>"; };
		5AE3CC642AB99DF6004D2ACD /* Show.swift */ = {isa = PBXFileReference; lastKnownFileType = sourcecode.swift; path = Show.swift; sourceTree = "<group>"; };
		5AE3CC662AB9A534004D2ACD /* NetworkConfiguration.swift */ = {isa = PBXFileReference; lastKnownFileType = sourcecode.swift; path = NetworkConfiguration.swift; sourceTree = "<group>"; };
		5AE3CC682AB9A66D004D2ACD /* NetworkingService.swift */ = {isa = PBXFileReference; lastKnownFileType = sourcecode.swift; path = NetworkingService.swift; sourceTree = "<group>"; };
		5AE3CC6C2AB9AA75004D2ACD /* SearchView.swift */ = {isa = PBXFileReference; lastKnownFileType = sourcecode.swift; path = SearchView.swift; sourceTree = "<group>"; };
		5AE3CC6E2AB9AC51004D2ACD /* SearchViewModel.swift */ = {isa = PBXFileReference; lastKnownFileType = sourcecode.swift; path = SearchViewModel.swift; sourceTree = "<group>"; };
/* End PBXFileReference section */

/* Begin PBXFrameworksBuildPhase section */
		5AE3CC4D2AB86236004D2ACD /* Frameworks */ = {
			isa = PBXFrameworksBuildPhase;
			buildActionMask = 2147483647;
			files = (
			);
			runOnlyForDeploymentPostprocessing = 0;
		};
/* End PBXFrameworksBuildPhase section */

/* Begin PBXGroup section */
		5A0647A22ACD975400459C47 /* HomeViewComponents */ = {
			isa = PBXGroup;
			children = (
				5A6167B92ACB091E0041336A /* HomeViewShowComponent.swift */,
				5A06479E2ACC1ACD00459C47 /* HomeViewScheduleComponent.swift */,
			);
			path = HomeViewComponents;
			sourceTree = "<group>";
		};
		5A6167822ABAD5790041336A /* Components */ = {
			isa = PBXGroup;
			children = (
				5A0647A22ACD975400459C47 /* HomeViewComponents */,
				5A6167B42ACAC1BD0041336A /* DetailViewComponents */,
				5A6167B32ACAC1AE0041336A /* SearchViewComponents */,
				5A6167802AB9F5380041336A /* Colors.swift */,
				5A6167AF2AC59F4D0041336A /* CustomAsyncImage.swift */,
				5A0647A02ACD95F100459C47 /* FavoriteComponent.swift */,
			);
			path = Components;
			sourceTree = "<group>";
		};
		5A6167922ABC61EB0041336A /* FavoritesView */ = {
			isa = PBXGroup;
			children = (
				5A6167932ABC620B0041336A /* FavoritesView.swift */,
				5A6167A92AC564640041336A /* FavoritesViewModel.swift */,
				5A6167A72AC5638C0041336A /* FavoritesCoordinator.swift */,
			);
			path = FavoritesView;
			sourceTree = "<group>";
		};
		5A6167952ABC6B790041336A /* HomeView */ = {
			isa = PBXGroup;
			children = (
				5A6167962ABC6B8B0041336A /* HomeView.swift */,
				5A6167AB2AC566050041336A /* HomeViewModel.swift */,
				5A6167AD2AC566370041336A /* HomeCoordinator.swift */,
			);
			path = HomeView;
			sourceTree = "<group>";
		};
		5A6167982AC425CF0041336A /* Coordinator */ = {
			isa = PBXGroup;
			children = (
				5A6167992AC425F40041336A /* CoordinatorProtocol.swift */,
				5A61679B2AC4262A0041336A /* RootCoordinator.swift */,
			);
			path = Coordinator;
			sourceTree = "<group>";
		};
		5A61679F2AC42E3F0041336A /* DetailView */ = {
			isa = PBXGroup;
			children = (
				5A6167A02AC42E5B0041336A /* DetailView.swift */,
				5A6167A22AC42F010041336A /* DetailsViewModel.swift */,
			);
			path = DetailView;
			sourceTree = "<group>";
		};
		5A6167B32ACAC1AE0041336A /* SearchViewComponents */ = {
			isa = PBXGroup;
			children = (
				5A6167852ABAF0490041336A /* SearchListView.swift */,
				5A6167832ABAD5D10041336A /* SearchBarView.swift */,
				5A6167892ABC592F0041336A /* SearchListComponent.swift */,
			);
			path = SearchViewComponents;
			sourceTree = "<group>";
		};
		5A6167B42ACAC1BD0041336A /* DetailViewComponents */ = {
			isa = PBXGroup;
			children = (
				5A6167B12ACAC1360041336A /* AsyncImageDetailMain.swift */,
				5A6167B72ACAC2390041336A /* AsyncImageDetailViewCast.swift */,
			);
			path = DetailViewComponents;
			sourceTree = "<group>";
		};
		5AE3CC472AB86236004D2ACD = {
			isa = PBXGroup;
			children = (
				5AE3CC522AB86236004D2ACD /* ShowsApp */,
				5AE3CC512AB86236004D2ACD /* Products */,
			);
			sourceTree = "<group>";
		};
		5AE3CC512AB86236004D2ACD /* Products */ = {
			isa = PBXGroup;
			children = (
				5AE3CC502AB86236004D2ACD /* ShowsApp.app */,
			);
			name = Products;
			sourceTree = "<group>";
		};
		5AE3CC522AB86236004D2ACD /* ShowsApp */ = {
			isa = PBXGroup;
			children = (
				5A6167912ABC5E330041336A /* Info.plist */,
				5AE3CC632AB86493004D2ACD /* Services */,
				5AE3CC622AB863EE004D2ACD /* UI */,
				5AE3CC612AB863E3004D2ACD /* Models */,
				5AE3CC532AB86236004D2ACD /* ShowsAppApp.swift */,
				5A61678F2ABC5DC90041336A /* RootView.swift */,
				5A61678B2ABC5D6C0041336A /* AppDelegate.swift */,
				5A61678D2ABC5D8F0041336A /* SceneDelegate.swift */,
				5AE3CC572AB86239004D2ACD /* Assets.xcassets */,
				5AE3CC592AB86239004D2ACD /* Preview Content */,
			);
			path = ShowsApp;
			sourceTree = "<group>";
		};
		5AE3CC592AB86239004D2ACD /* Preview Content */ = {
			isa = PBXGroup;
			children = (
				5AE3CC5A2AB86239004D2ACD /* Preview Assets.xcassets */,
			);
			path = "Preview Content";
			sourceTree = "<group>";
		};
		5AE3CC612AB863E3004D2ACD /* Models */ = {
			isa = PBXGroup;
			children = (
				5AE3CC642AB99DF6004D2ACD /* Show.swift */,
				5A6167872ABC24B10041336A /* Person.swift */,
			);
			path = Models;
			sourceTree = "<group>";
		};
		5AE3CC622AB863EE004D2ACD /* UI */ = {
			isa = PBXGroup;
			children = (
				5A6167982AC425CF0041336A /* Coordinator */,
				5A61679F2AC42E3F0041336A /* DetailView */,
				5A6167952ABC6B790041336A /* HomeView */,
				5A6167922ABC61EB0041336A /* FavoritesView */,
				5AE3CC6B2AB9AA61004D2ACD /* SearchView */,
				5A6167822ABAD5790041336A /* Components */,
				5AE3CC552AB86236004D2ACD /* ContentView.swift */,
			);
			path = UI;
			sourceTree = "<group>";
		};
		5AE3CC632AB86493004D2ACD /* Services */ = {
			isa = PBXGroup;
			children = (
				5AE3CC662AB9A534004D2ACD /* NetworkConfiguration.swift */,
				5AE3CC682AB9A66D004D2ACD /* NetworkingService.swift */,
			);
			path = Services;
			sourceTree = "<group>";
		};
		5AE3CC6B2AB9AA61004D2ACD /* SearchView */ = {
			isa = PBXGroup;
			children = (
				5AE3CC6C2AB9AA75004D2ACD /* SearchView.swift */,
				5AE3CC6E2AB9AC51004D2ACD /* SearchViewModel.swift */,
				5A61679D2AC427220041336A /* SearchCoordinator.swift */,
			);
			path = SearchView;
			sourceTree = "<group>";
		};
/* End PBXGroup section */

/* Begin PBXNativeTarget section */
		5AE3CC4F2AB86236004D2ACD /* ShowsApp */ = {
			isa = PBXNativeTarget;
			buildConfigurationList = 5AE3CC5E2AB86239004D2ACD /* Build configuration list for PBXNativeTarget "ShowsApp" */;
			buildPhases = (
				5AE3CC4C2AB86236004D2ACD /* Sources */,
				5AE3CC4D2AB86236004D2ACD /* Frameworks */,
				5AE3CC4E2AB86236004D2ACD /* Resources */,
			);
			buildRules = (
			);
			dependencies = (
			);
			name = ShowsApp;
			productName = ShowsApp;
			productReference = 5AE3CC502AB86236004D2ACD /* ShowsApp.app */;
			productType = "com.apple.product-type.application";
		};
/* End PBXNativeTarget section */

/* Begin PBXProject section */
		5AE3CC482AB86236004D2ACD /* Project object */ = {
			isa = PBXProject;
			attributes = {
				BuildIndependentTargetsInParallel = 1;
				LastSwiftUpdateCheck = 1430;
				LastUpgradeCheck = 1430;
				TargetAttributes = {
					5AE3CC4F2AB86236004D2ACD = {
						CreatedOnToolsVersion = 14.3.1;
					};
				};
			};
			buildConfigurationList = 5AE3CC4B2AB86236004D2ACD /* Build configuration list for PBXProject "ShowsApp" */;
			compatibilityVersion = "Xcode 14.0";
			developmentRegion = en;
			hasScannedForEncodings = 0;
			knownRegions = (
				en,
				Base,
			);
			mainGroup = 5AE3CC472AB86236004D2ACD;
			productRefGroup = 5AE3CC512AB86236004D2ACD /* Products */;
			projectDirPath = "";
			projectRoot = "";
			targets = (
				5AE3CC4F2AB86236004D2ACD /* ShowsApp */,
			);
		};
/* End PBXProject section */

/* Begin PBXResourcesBuildPhase section */
		5AE3CC4E2AB86236004D2ACD /* Resources */ = {
			isa = PBXResourcesBuildPhase;
			buildActionMask = 2147483647;
			files = (
				5AE3CC5B2AB86239004D2ACD /* Preview Assets.xcassets in Resources */,
				5AE3CC582AB86239004D2ACD /* Assets.xcassets in Resources */,
			);
			runOnlyForDeploymentPostprocessing = 0;
		};
/* End PBXResourcesBuildPhase section */

/* Begin PBXSourcesBuildPhase section */
		5AE3CC4C2AB86236004D2ACD /* Sources */ = {
			isa = PBXSourcesBuildPhase;
			buildActionMask = 2147483647;
			files = (
				5AE3CC692AB9A66D004D2ACD /* NetworkingService.swift in Sources */,
				5A61678E2ABC5D8F0041336A /* SceneDelegate.swift in Sources */,
				5A6167842ABAD5D10041336A /* SearchBarView.swift in Sources */,
				5A6167AC2AC566050041336A /* HomeViewModel.swift in Sources */,
				5A6167812AB9F5380041336A /* Colors.swift in Sources */,
				5A0647A12ACD95F100459C47 /* FavoriteComponent.swift in Sources */,
				5AE3CC6F2AB9AC51004D2ACD /* SearchViewModel.swift in Sources */,
				5A6167972ABC6B8B0041336A /* HomeView.swift in Sources */,
				5A6167B82ACAC2390041336A /* AsyncImageDetailViewCast.swift in Sources */,
				5A6167882ABC24B10041336A /* Person.swift in Sources */,
				5A6167A32AC42F010041336A /* DetailsViewModel.swift in Sources */,
				5A06479F2ACC1ACD00459C47 /* HomeViewScheduleComponent.swift in Sources */,
				5A6167B02AC59F4D0041336A /* CustomAsyncImage.swift in Sources */,
				5A6167862ABAF0490041336A /* SearchListView.swift in Sources */,
				5AE3CC652AB99DF6004D2ACD /* Show.swift in Sources */,
				5AE3CC562AB86236004D2ACD /* ContentView.swift in Sources */,
				5A6167BA2ACB091E0041336A /* HomeViewShowComponent.swift in Sources */,
				5A6167A12AC42E5B0041336A /* DetailView.swift in Sources */,
				5A61678C2ABC5D6C0041336A /* AppDelegate.swift in Sources */,
				5A6167A82AC5638C0041336A /* FavoritesCoordinator.swift in Sources */,
				5AE3CC542AB86236004D2ACD /* ShowsAppApp.swift in Sources */,
				5A61678A2ABC592F0041336A /* SearchListComponent.swift in Sources */,
				5A6167942ABC620B0041336A /* FavoritesView.swift in Sources */,
				5A61679A2AC425F40041336A /* CoordinatorProtocol.swift in Sources */,
				5A6167AA2AC564640041336A /* FavoritesViewModel.swift in Sources */,
				5AE3CC6D2AB9AA75004D2ACD /* SearchView.swift in Sources */,
				5A6167AE2AC566370041336A /* HomeCoordinator.swift in Sources */,
				5A61679E2AC427220041336A /* SearchCoordinator.swift in Sources */,
				5AE3CC672AB9A534004D2ACD /* NetworkConfiguration.swift in Sources */,
				5A6167902ABC5DC90041336A /* RootView.swift in Sources */,
				5A6167B22ACAC1360041336A /* AsyncImageDetailMain.swift in Sources */,
				5A61679C2AC4262A0041336A /* RootCoordinator.swift in Sources */,
			);
			runOnlyForDeploymentPostprocessing = 0;
		};
/* End PBXSourcesBuildPhase section */

/* Begin XCBuildConfiguration section */
		5AE3CC5C2AB86239004D2ACD /* Debug */ = {
			isa = XCBuildConfiguration;
			buildSettings = {
				ALWAYS_SEARCH_USER_PATHS = NO;
				CLANG_ANALYZER_NONNULL = YES;
				CLANG_ANALYZER_NUMBER_OBJECT_CONVERSION = YES_AGGRESSIVE;
				CLANG_CXX_LANGUAGE_STANDARD = "gnu++20";
				CLANG_ENABLE_MODULES = YES;
				CLANG_ENABLE_OBJC_ARC = YES;
				CLANG_ENABLE_OBJC_WEAK = YES;
				CLANG_WARN_BLOCK_CAPTURE_AUTORELEASING = YES;
				CLANG_WARN_BOOL_CONVERSION = YES;
				CLANG_WARN_COMMA = YES;
				CLANG_WARN_CONSTANT_CONVERSION = YES;
				CLANG_WARN_DEPRECATED_OBJC_IMPLEMENTATIONS = YES;
				CLANG_WARN_DIRECT_OBJC_ISA_USAGE = YES_ERROR;
				CLANG_WARN_DOCUMENTATION_COMMENTS = YES;
				CLANG_WARN_EMPTY_BODY = YES;
				CLANG_WARN_ENUM_CONVERSION = YES;
				CLANG_WARN_INFINITE_RECURSION = YES;
				CLANG_WARN_INT_CONVERSION = YES;
				CLANG_WARN_NON_LITERAL_NULL_CONVERSION = YES;
				CLANG_WARN_OBJC_IMPLICIT_RETAIN_SELF = YES;
				CLANG_WARN_OBJC_LITERAL_CONVERSION = YES;
				CLANG_WARN_OBJC_ROOT_CLASS = YES_ERROR;
				CLANG_WARN_QUOTED_INCLUDE_IN_FRAMEWORK_HEADER = YES;
				CLANG_WARN_RANGE_LOOP_ANALYSIS = YES;
				CLANG_WARN_STRICT_PROTOTYPES = YES;
				CLANG_WARN_SUSPICIOUS_MOVE = YES;
				CLANG_WARN_UNGUARDED_AVAILABILITY = YES_AGGRESSIVE;
				CLANG_WARN_UNREACHABLE_CODE = YES;
				CLANG_WARN__DUPLICATE_METHOD_MATCH = YES;
				COPY_PHASE_STRIP = NO;
				DEBUG_INFORMATION_FORMAT = dwarf;
				ENABLE_STRICT_OBJC_MSGSEND = YES;
				ENABLE_TESTABILITY = YES;
				GCC_C_LANGUAGE_STANDARD = gnu11;
				GCC_DYNAMIC_NO_PIC = NO;
				GCC_NO_COMMON_BLOCKS = YES;
				GCC_OPTIMIZATION_LEVEL = 0;
				GCC_PREPROCESSOR_DEFINITIONS = (
					"DEBUG=1",
					"$(inherited)",
				);
				GCC_WARN_64_TO_32_BIT_CONVERSION = YES;
				GCC_WARN_ABOUT_RETURN_TYPE = YES_ERROR;
				GCC_WARN_UNDECLARED_SELECTOR = YES;
				GCC_WARN_UNINITIALIZED_AUTOS = YES_AGGRESSIVE;
				GCC_WARN_UNUSED_FUNCTION = YES;
				GCC_WARN_UNUSED_VARIABLE = YES;
				IPHONEOS_DEPLOYMENT_TARGET = 16.4;
				MTL_ENABLE_DEBUG_INFO = INCLUDE_SOURCE;
				MTL_FAST_MATH = YES;
				ONLY_ACTIVE_ARCH = YES;
				SDKROOT = iphoneos;
				SWIFT_ACTIVE_COMPILATION_CONDITIONS = DEBUG;
				SWIFT_OPTIMIZATION_LEVEL = "-Onone";
			};
			name = Debug;
		};
		5AE3CC5D2AB86239004D2ACD /* Release */ = {
			isa = XCBuildConfiguration;
			buildSettings = {
				ALWAYS_SEARCH_USER_PATHS = NO;
				CLANG_ANALYZER_NONNULL = YES;
				CLANG_ANALYZER_NUMBER_OBJECT_CONVERSION = YES_AGGRESSIVE;
				CLANG_CXX_LANGUAGE_STANDARD = "gnu++20";
				CLANG_ENABLE_MODULES = YES;
				CLANG_ENABLE_OBJC_ARC = YES;
				CLANG_ENABLE_OBJC_WEAK = YES;
				CLANG_WARN_BLOCK_CAPTURE_AUTORELEASING = YES;
				CLANG_WARN_BOOL_CONVERSION = YES;
				CLANG_WARN_COMMA = YES;
				CLANG_WARN_CONSTANT_CONVERSION = YES;
				CLANG_WARN_DEPRECATED_OBJC_IMPLEMENTATIONS = YES;
				CLANG_WARN_DIRECT_OBJC_ISA_USAGE = YES_ERROR;
				CLANG_WARN_DOCUMENTATION_COMMENTS = YES;
				CLANG_WARN_EMPTY_BODY = YES;
				CLANG_WARN_ENUM_CONVERSION = YES;
				CLANG_WARN_INFINITE_RECURSION = YES;
				CLANG_WARN_INT_CONVERSION = YES;
				CLANG_WARN_NON_LITERAL_NULL_CONVERSION = YES;
				CLANG_WARN_OBJC_IMPLICIT_RETAIN_SELF = YES;
				CLANG_WARN_OBJC_LITERAL_CONVERSION = YES;
				CLANG_WARN_OBJC_ROOT_CLASS = YES_ERROR;
				CLANG_WARN_QUOTED_INCLUDE_IN_FRAMEWORK_HEADER = YES;
				CLANG_WARN_RANGE_LOOP_ANALYSIS = YES;
				CLANG_WARN_STRICT_PROTOTYPES = YES;
				CLANG_WARN_SUSPICIOUS_MOVE = YES;
				CLANG_WARN_UNGUARDED_AVAILABILITY = YES_AGGRESSIVE;
				CLANG_WARN_UNREACHABLE_CODE = YES;
				CLANG_WARN__DUPLICATE_METHOD_MATCH = YES;
				COPY_PHASE_STRIP = NO;
				DEBUG_INFORMATION_FORMAT = "dwarf-with-dsym";
				ENABLE_NS_ASSERTIONS = NO;
				ENABLE_STRICT_OBJC_MSGSEND = YES;
				GCC_C_LANGUAGE_STANDARD = gnu11;
				GCC_NO_COMMON_BLOCKS = YES;
				GCC_WARN_64_TO_32_BIT_CONVERSION = YES;
				GCC_WARN_ABOUT_RETURN_TYPE = YES_ERROR;
				GCC_WARN_UNDECLARED_SELECTOR = YES;
				GCC_WARN_UNINITIALIZED_AUTOS = YES_AGGRESSIVE;
				GCC_WARN_UNUSED_FUNCTION = YES;
				GCC_WARN_UNUSED_VARIABLE = YES;
				IPHONEOS_DEPLOYMENT_TARGET = 16.4;
				MTL_ENABLE_DEBUG_INFO = NO;
				MTL_FAST_MATH = YES;
				SDKROOT = iphoneos;
				SWIFT_COMPILATION_MODE = wholemodule;
				SWIFT_OPTIMIZATION_LEVEL = "-O";
				VALIDATE_PRODUCT = YES;
			};
			name = Release;
		};
		5AE3CC5F2AB86239004D2ACD /* Debug */ = {
			isa = XCBuildConfiguration;
			buildSettings = {
				ASSETCATALOG_COMPILER_APPICON_NAME = AppIcon;
				ASSETCATALOG_COMPILER_GLOBAL_ACCENT_COLOR_NAME = AccentColor;
				CODE_SIGN_STYLE = Automatic;
				CURRENT_PROJECT_VERSION = 1;
				DEVELOPMENT_ASSET_PATHS = "\"ShowsApp/Preview Content\"";
				ENABLE_PREVIEWS = YES;
				GENERATE_INFOPLIST_FILE = YES;
				INFOPLIST_FILE = ShowsApp/Info.plist;
				INFOPLIST_KEY_UIApplicationSupportsIndirectInputEvents = YES;
				INFOPLIST_KEY_UILaunchScreen_Generation = YES;
				INFOPLIST_KEY_UIStatusBarStyle = "";
				INFOPLIST_KEY_UISupportedInterfaceOrientations_iPad = "UIInterfaceOrientationPortrait UIInterfaceOrientationPortraitUpsideDown UIInterfaceOrientationLandscapeLeft UIInterfaceOrientationLandscapeRight";
				INFOPLIST_KEY_UISupportedInterfaceOrientations_iPhone = "UIInterfaceOrientationPortrait UIInterfaceOrientationLandscapeLeft UIInterfaceOrientationLandscapeRight";
				LD_RUNPATH_SEARCH_PATHS = (
					"$(inherited)",
					"@executable_path/Frameworks",
				);
				MARKETING_VERSION = 1.0;
				PRODUCT_BUNDLE_IDENTIFIER = com.lukavukcobe.ShowsApp;
				PRODUCT_NAME = "$(TARGET_NAME)";
				SWIFT_EMIT_LOC_STRINGS = YES;
				SWIFT_VERSION = 5.0;
				TARGETED_DEVICE_FAMILY = "1,2";
			};
			name = Debug;
		};
		5AE3CC602AB86239004D2ACD /* Release */ = {
			isa = XCBuildConfiguration;
			buildSettings = {
				ASSETCATALOG_COMPILER_APPICON_NAME = AppIcon;
				ASSETCATALOG_COMPILER_GLOBAL_ACCENT_COLOR_NAME = AccentColor;
				CODE_SIGN_STYLE = Automatic;
				CURRENT_PROJECT_VERSION = 1;
				DEVELOPMENT_ASSET_PATHS = "\"ShowsApp/Preview Content\"";
				ENABLE_PREVIEWS = YES;
				GENERATE_INFOPLIST_FILE = YES;
				INFOPLIST_FILE = ShowsApp/Info.plist;
				INFOPLIST_KEY_UIApplicationSupportsIndirectInputEvents = YES;
				INFOPLIST_KEY_UILaunchScreen_Generation = YES;
				INFOPLIST_KEY_UIStatusBarStyle = "";
				INFOPLIST_KEY_UISupportedInterfaceOrientations_iPad = "UIInterfaceOrientationPortrait UIInterfaceOrientationPortraitUpsideDown UIInterfaceOrientationLandscapeLeft UIInterfaceOrientationLandscapeRight";
				INFOPLIST_KEY_UISupportedInterfaceOrientations_iPhone = "UIInterfaceOrientationPortrait UIInterfaceOrientationLandscapeLeft UIInterfaceOrientationLandscapeRight";
				LD_RUNPATH_SEARCH_PATHS = (
					"$(inherited)",
					"@executable_path/Frameworks",
				);
				MARKETING_VERSION = 1.0;
				PRODUCT_BUNDLE_IDENTIFIER = com.lukavukcobe.ShowsApp;
				PRODUCT_NAME = "$(TARGET_NAME)";
				SWIFT_EMIT_LOC_STRINGS = YES;
				SWIFT_VERSION = 5.0;
				TARGETED_DEVICE_FAMILY = "1,2";
			};
			name = Release;
		};
/* End XCBuildConfiguration section */

/* Begin XCConfigurationList section */
		5AE3CC4B2AB86236004D2ACD /* Build configuration list for PBXProject "ShowsApp" */ = {
			isa = XCConfigurationList;
			buildConfigurations = (
				5AE3CC5C2AB86239004D2ACD /* Debug */,
				5AE3CC5D2AB86239004D2ACD /* Release */,
			);
			defaultConfigurationIsVisible = 0;
			defaultConfigurationName = Release;
		};
		5AE3CC5E2AB86239004D2ACD /* Build configuration list for PBXNativeTarget "ShowsApp" */ = {
			isa = XCConfigurationList;
			buildConfigurations = (
				5AE3CC5F2AB86239004D2ACD /* Debug */,
				5AE3CC602AB86239004D2ACD /* Release */,
			);
			defaultConfigurationIsVisible = 0;
			defaultConfigurationName = Release;
		};
/* End XCConfigurationList section */
	};
	rootObject = 5AE3CC482AB86236004D2ACD /* Project object */;
}
